
Microsoft Visual Studio Solution File, Format Version 12.00
# Visual Studio Version 17
VisualStudioVersion = 17.8.34408.163
MinimumVisualStudioVersion = 10.0.40219.1
Project("{FAE04EC0-301F-11D3-BF4B-00C04F79EFBC}") = "01-tarefa", "01-tarefa\01-tarefa.csproj", "{112DCAA1-7995-48B6-A312-75A5C296EDB0}"
EndProject
Project("{FAE04EC0-301F-11D3-BF4B-00C04F79EFBC}") = "02-tarefa", "02-tarefa\02-tarefa.csproj", "{C843DF37-752D-442D-B8EC-34900748E9E3}"
EndProject
Project("{FAE04EC0-301F-11D3-BF4B-00C04F79EFBC}") = "03-tarefa", "03-tarefa\03-tarefa.csproj", "{D86CFFD7-0463-44A2-94EF-69721BB8E78D}"
EndProject
Project("{FAE04EC0-301F-11D3-BF4B-00C04F79EFBC}") = "04-tarefa", "04-tarefa\04-tarefa.csproj", "{504F34B3-E6B2-4170-A3D3-97273F934728}"
EndProject
Project("{FAE04EC0-301F-11D3-BF4B-00C04F79EFBC}") = "05-tarefa", "05-tarefa\05-tarefa.csproj", "{6793688A-FC99-42E1-B838-D08A6A62F7DE}"
EndProject
Project("{FAE04EC0-301F-11D3-BF4B-00C04F79EFBC}") = "06-tarefa", "06-tarefa\06-tarefa.csproj", "{62B549FD-C215-4560-AE85-E776396928E2}"
EndProject
Project("{FAE04EC0-301F-11D3-BF4B-00C04F79EFBC}") = "07-tarefa", "07-tarefa\07-tarefa.csproj", "{1B9E503D-BC6F-4D58-BE80-364E59219CBA}"
EndProject
Project("{FAE04EC0-301F-11D3-BF4B-00C04F79EFBC}") = "08-tarefa", "08-tarefa\08-tarefa.csproj", "{57A3A8FE-6746-43C5-856E-533550749A0E}"
EndProject
Project("{FAE04EC0-301F-11D3-BF4B-00C04F79EFBC}") = "09-tarefa", "09-tarefa\09-tarefa.csproj", "{A7D96688-5F40-4668-8C34-CA4909697F86}"
EndProject
Global
	GlobalSection(SolutionConfigurationPlatforms) = preSolution
		Debug|Any CPU = Debug|Any CPU
		Release|Any CPU = Release|Any CPU
	EndGlobalSection
	GlobalSection(ProjectConfigurationPlatforms) = postSolution
		{112DCAA1-7995-48B6-A312-75A5C296EDB0}.Debug|Any CPU.ActiveCfg = Debug|Any CPU
		{112DCAA1-7995-48B6-A312-75A5C296EDB0}.Debug|Any CPU.Build.0 = Debug|Any CPU
		{112DCAA1-7995-48B6-A312-75A5C296EDB0}.Release|Any CPU.ActiveCfg = Release|Any CPU
		{112DCAA1-7995-48B6-A312-75A5C296EDB0}.Release|Any CPU.Build.0 = Release|Any CPU
		{C843DF37-752D-442D-B8EC-34900748E9E3}.Debug|Any CPU.ActiveCfg = Debug|Any CPU
		{C843DF37-752D-442D-B8EC-34900748E9E3}.Debug|Any CPU.Build.0 = Debug|Any CPU
		{C843DF37-752D-442D-B8EC-34900748E9E3}.Release|Any CPU.ActiveCfg = Release|Any CPU
		{C843DF37-752D-442D-B8EC-34900748E9E3}.Release|Any CPU.Build.0 = Release|Any CPU
		{D86CFFD7-0463-44A2-94EF-69721BB8E78D}.Debug|Any CPU.ActiveCfg = Debug|Any CPU
		{D86CFFD7-0463-44A2-94EF-69721BB8E78D}.Debug|Any CPU.Build.0 = Debug|Any CPU
		{D86CFFD7-0463-44A2-94EF-69721BB8E78D}.Release|Any CPU.ActiveCfg = Release|Any CPU
		{D86CFFD7-0463-44A2-94EF-69721BB8E78D}.Release|Any CPU.Build.0 = Release|Any CPU
		{504F34B3-E6B2-4170-A3D3-97273F934728}.Debug|Any CPU.ActiveCfg = Debug|Any CPU
		{504F34B3-E6B2-4170-A3D3-97273F934728}.Debug|Any CPU.Build.0 = Debug|Any CPU
		{504F34B3-E6B2-4170-A3D3-97273F934728}.Release|Any CPU.ActiveCfg = Release|Any CPU
		{504F34B3-E6B2-4170-A3D3-97273F934728}.Release|Any CPU.Build.0 = Release|Any CPU
		{6793688A-FC99-42E1-B838-D08A6A62F7DE}.Debug|Any CPU.ActiveCfg = Debug|Any CPU
		{6793688A-FC99-42E1-B838-D08A6A62F7DE}.Debug|Any CPU.Build.0 = Debug|Any CPU
		{6793688A-FC99-42E1-B838-D08A6A62F7DE}.Release|Any CPU.ActiveCfg = Release|Any CPU
		{6793688A-FC99-42E1-B838-D08A6A62F7DE}.Release|Any CPU.Build.0 = Release|Any CPU
		{62B549FD-C215-4560-AE85-E776396928E2}.Debug|Any CPU.ActiveCfg = Debug|Any CPU
		{62B549FD-C215-4560-AE85-E776396928E2}.Debug|Any CPU.Build.0 = Debug|Any CPU
		{62B549FD-C215-4560-AE85-E776396928E2}.Release|Any CPU.ActiveCfg = Release|Any CPU
		{62B549FD-C215-4560-AE85-E776396928E2}.Release|Any CPU.Build.0 = Release|Any CPU
		{1B9E503D-BC6F-4D58-BE80-364E59219CBA}.Debug|Any CPU.ActiveCfg = Debug|Any CPU
		{1B9E503D-BC6F-4D58-BE80-364E59219CBA}.Debug|Any CPU.Build.0 = Debug|Any CPU
		{1B9E503D-BC6F-4D58-BE80-364E59219CBA}.Release|Any CPU.ActiveCfg = Release|Any CPU
		{1B9E503D-BC6F-4D58-BE80-364E59219CBA}.Release|Any CPU.Build.0 = Release|Any CPU
		{57A3A8FE-6746-43C5-856E-533550749A0E}.Debug|Any CPU.ActiveCfg = Debug|Any CPU
		{57A3A8FE-6746-43C5-856E-533550749A0E}.Debug|Any CPU.Build.0 = Debug|Any CPU
		{57A3A8FE-6746-43C5-856E-533550749A0E}.Release|Any CPU.ActiveCfg = Release|Any CPU
		{57A3A8FE-6746-43C5-856E-533550749A0E}.Release|Any CPU.Build.0 = Release|Any CPU
		{A7D96688-5F40-4668-8C34-CA4909697F86}.Debug|Any CPU.ActiveCfg = Debug|Any CPU
		{A7D96688-5F40-4668-8C34-CA4909697F86}.Debug|Any CPU.Build.0 = Debug|Any CPU
		{A7D96688-5F40-4668-8C34-CA4909697F86}.Release|Any CPU.ActiveCfg = Release|Any CPU
		{A7D96688-5F40-4668-8C34-CA4909697F86}.Release|Any CPU.Build.0 = Release|Any CPU
	EndGlobalSection
	GlobalSection(SolutionProperties) = preSolution
		HideSolutionNode = FALSE
	EndGlobalSection
	GlobalSection(ExtensibilityGlobals) = postSolution
		SolutionGuid = {B16DB627-A003-4581-919F-563E536FB8BB}
	EndGlobalSection
EndGlobal
